
Microsoft Visual Studio Solution File, Format Version 12.00
# Visual Studio Version 17
VisualStudioVersion = 17.5.33424.131
MinimumVisualStudioVersion = 10.0.40219.1
Project("{9A19103F-16F7-4668-BE54-9A1E7A4F7556}") = "ConsoleAppSample", "ConsoleAppSample\ConsoleAppSample.csproj", "{E1EE0158-3368-4B7A-AFEA-647BA9760F30}"
EndProject
Project("{9A19103F-16F7-4668-BE54-9A1E7A4F7556}") = "WebApplication1", "WebApplication1\WebApplication1.csproj", "{3C80C40B-BA57-44A1-BDD8-36EB316B91B4}"
EndProject
Project("{9A19103F-16F7-4668-BE54-9A1E7A4F7556}") = "UnitTest1", "UnitTest1\UnitTest1.csproj", "{02F7415A-FB72-4EAA-BED3-17152A9358F3}"
EndProject
Project("{FAE04EC0-301F-11D3-BF4B-00C04F79EFBC}") = "OwinSelfHosting", "OwinSelfHosting\OwinSelfHosting.csproj", "{DF0B0394-E071-4748-A812-4813F67D5A14}"
EndProject
Project("{2150E333-8FDC-42A3-9474-1A3956D46DE8}") = "DocumentDB", "DocumentDB", "{823E62AB-12CB-4DB4-B892-82203CB0688E}"
EndProject
Project("{9A19103F-16F7-4668-BE54-9A1E7A4F7556}") = "CosmosDBClientApp", "DocumentDB\CosmosDBClientApp\CosmosDBClientApp.csproj", "{90083F23-F720-4CD6-8E62-D3711B553151}"
EndProject
Project("{9A19103F-16F7-4668-BE54-9A1E7A4F7556}") = "CosmosDB.Handler", "DocumentDB\CosmosDBHandler\CosmosDB.Handler.csproj", "{00A9BDF0-D2D2-44E6-88FA-90C4B77A7764}"
EndProject
Project("{2150E333-8FDC-42A3-9474-1A3956D46DE8}") = "EventHub", "EventHub", "{07B64375-F52F-4A4B-89B1-A62429227AFC}"
EndProject
Project("{9A19103F-16F7-4668-BE54-9A1E7A4F7556}") = "EventHub.Receiver", "EventHub\EventHub.Receiver\EventHub.Receiver.csproj", "{2204F802-30A4-44E9-B445-637A734F98A3}"
EndProject
Project("{9A19103F-16F7-4668-BE54-9A1E7A4F7556}") = "EventHubSender", "EventHub\EventHub.Sender\EventHubSender.csproj", "{89E81916-72B6-4E92-AC8A-3E5756FCD118}"
EndProject
Project("{9A19103F-16F7-4668-BE54-9A1E7A4F7556}") = "EventHubReader", "EventHub\EventHubReceiver\EventHubReader.csproj", "{0C0861BB-04FA-46AE-BA44-55DF74EC71D5}"
EndProject
Project("{2150E333-8FDC-42A3-9474-1A3956D46DE8}") = "AzureFunction", "AzureFunction", "{C7D3EBDA-6C92-4F75-B950-1D9A52D91E29}"
EndProject
Project("{9A19103F-16F7-4668-BE54-9A1E7A4F7556}") = "FunctionAppEventHub", "AzureFunction\FuncAppWithEventHub\FunctionAppEventHub.csproj", "{E41683B6-3A33-4028-B213-BB6D87DE3A8D}"
EndProject
Project("{2150E333-8FDC-42A3-9474-1A3956D46DE8}") = "IoT", "IoT", "{DA8172AF-B5CB-481F-A377-76645F2C25BF}"
EndProject
Project("{2150E333-8FDC-42A3-9474-1A3956D46DE8}") = "DeviceClient", "DeviceClient", "{BF42CE80-D29F-46DF-9DF3-5FDF037FFA78}"
EndProject
Project("{9A19103F-16F7-4668-BE54-9A1E7A4F7556}") = "DeviceClientSample", "iot\DeviceClient\DeviceClient\DeviceClientSample.csproj", "{7E550097-3F55-428B-A05F-60B0D3A7B96B}"
EndProject
Project("{2150E333-8FDC-42A3-9474-1A3956D46DE8}") = "DeviceRegister", "DeviceRegister", "{DDAD3211-9C5C-4EBF-A0B4-616FF5346F8B}"
EndProject
Project("{2150E333-8FDC-42A3-9474-1A3956D46DE8}") = "DeviceRegistrationWithNetFramework", "DeviceRegistrationWithNetFramework", "{6B490340-5B80-45DA-9C31-DFDA4870A6E5}"
EndProject
Project("{2150E333-8FDC-42A3-9474-1A3956D46DE8}") = "DeviceRegistrationWorkerService", "DeviceRegistrationWorkerService", "{6FF8D537-533F-4B08-882B-25D17BCE4875}"
EndProject
Project("{2150E333-8FDC-42A3-9474-1A3956D46DE8}") = "SimulatedDevice", "SimulatedDevice", "{BB6F4222-7FE6-40FE-85D0-2632CAA2AA83}"
EndProject
Project("{2150E333-8FDC-42A3-9474-1A3956D46DE8}") = "UBDevice", "UBDevice", "{04E27E4C-7CE4-4537-AA10-2929459D8211}"
EndProject
Project("{9A19103F-16F7-4668-BE54-9A1E7A4F7556}") = "DeviceRegisteration", "iot\DeviceRegister\DeviceRegisteration.csproj", "{1CB69693-67A1-4BA3-900F-997705601862}"
EndProject
Project("{FAE04EC0-301F-11D3-BF4B-00C04F79EFBC}") = "ConsoleApp1", "iot\DeviceRegistrationWithNetFramework\ConsoleApp1\ConsoleApp1.csproj", "{FB856900-8154-4D48-AE81-1199D01FEB25}"
EndProject
Project("{9A19103F-16F7-4668-BE54-9A1E7A4F7556}") = "DeviceRegistrationWorkerService", "iot\DeviceRegistrationWorkerService\DeviceRegistrationWorkerService\DeviceRegistrationWorkerService.csproj", "{D6C95CF2-274D-4348-BC8F-A01D5AF30F32}"
EndProject
Project("{9A19103F-16F7-4668-BE54-9A1E7A4F7556}") = "ServiceClientWithPolly", "iot\SimulatedDevice\ServiceClientWithPolly.csproj", "{1A41BA7A-ECB0-4759-8AB2-E00F817A6DF9}"
EndProject
Project("{9A19103F-16F7-4668-BE54-9A1E7A4F7556}") = "UBDevice", "iot\UBDevice\UBDevice.csproj", "{69EE74C1-C32C-42D2-ADD6-7DDBE180FEB7}"
EndProject
Project("{2150E333-8FDC-42A3-9474-1A3956D46DE8}") = "Logger", "Logger", "{A1940682-C492-45BA-B455-FB74556BCDED}"
EndProject
Project("{9A19103F-16F7-4668-BE54-9A1E7A4F7556}") = "LoggerFramework", "Logger\LoggerFramework\LoggerFramework.csproj", "{3EE1822C-2F15-4206-8BFE-4C0FE2C4A1C0}"
EndProject
Project("{2150E333-8FDC-42A3-9474-1A3956D46DE8}") = "Redis", "Redis", "{AD065C95-237C-4BAB-87A8-1FD7CE169034}"
EndProject
Project("{9A19103F-16F7-4668-BE54-9A1E7A4F7556}") = "RedisCache", "Redis\RedisCache.csproj", "{072630D1-89FA-4313-99D1-1543179DAD14}"
EndProject
Project("{2150E333-8FDC-42A3-9474-1A3956D46DE8}") = "report", "report", "{E673914D-7FE5-4E68-AE9D-26F80018E43E}"
EndProject
Project("{9A19103F-16F7-4668-BE54-9A1E7A4F7556}") = "reports", "report\reports\reports.csproj", "{1937D2B2-36F2-4170-B9A3-D6C2EADE3142}"
EndProject
Project("{2150E333-8FDC-42A3-9474-1A3956D46DE8}") = "ServiceBus", "ServiceBus", "{6A252F72-2872-466B-82F4-A561634AA59F}"
EndProject
Project("{9A19103F-16F7-4668-BE54-9A1E7A4F7556}") = "ServiceBusQueueSender", "ServiceBus\ServiceBusQueueSender\ServiceBusQueueSender.csproj", "{266D0AB7-CF0F-4052-BE8D-9BCFD556507B}"
EndProject
Project("{9A19103F-16F7-4668-BE54-9A1E7A4F7556}") = "ServiceBusReceiver", "ServiceBus\ServiceBusReceiver1\ServiceBusReceiver.csproj", "{DC9023CB-1048-4D6B-8FD6-A2CBCB610558}"
EndProject
Project("{9A19103F-16F7-4668-BE54-9A1E7A4F7556}") = "ServiceBusReceiver1", "ServiceBus\ServiceBusReceiver2\ServiceBusReceiver1.csproj", "{5E5339B6-7998-4A84-92D0-01C8B2DDBA2C}"
EndProject
Project("{2150E333-8FDC-42A3-9474-1A3956D46DE8}") = "TCPServerClient", "TCPServerClient", "{3B26E0B7-2CA2-4893-9E7D-A7BBEDD76219}"
EndProject
Project("{2150E333-8FDC-42A3-9474-1A3956D46DE8}") = "Entity", "Entity", "{09FA4497-D43D-4D8C-919B-1F1BE80E5EF9}"
EndProject
Project("{9A19103F-16F7-4668-BE54-9A1E7A4F7556}") = "Console.Entity", "Entity\Console.Entity\Console.Entity.csproj", "{7CD8FEF1-8740-4B61-8EF8-0DC3721B8757}"
EndProject
Project("{2150E333-8FDC-42A3-9474-1A3956D46DE8}") = "Mongodb", "Mongodb", "{A3272DD2-4269-4D24-BFAF-A37A0AED32DB}"
EndProject
Project("{9A19103F-16F7-4668-BE54-9A1E7A4F7556}") = "mongodbsample", "Mongodb\mongodbsample\mongodbsample.csproj", "{08ED11EC-3A06-4E6B-876C-F366EEBB2F96}"
EndProject
Project("{2150E333-8FDC-42A3-9474-1A3956D46DE8}") = "EF", "EF", "{ED8BDD77-8CB9-4A0A-A1CF-EFA0941F337D}"
EndProject
Project("{9A19103F-16F7-4668-BE54-9A1E7A4F7556}") = "EFSample", "EF\EFSample\EFSample.csproj", "{9483EEC6-4550-4A6C-B339-B7F44061ADE2}"
EndProject
Project("{2150E333-8FDC-42A3-9474-1A3956D46DE8}") = "GraphQL", "GraphQL", "{45FC935B-C049-4592-9B7F-3324AC087D16}"
EndProject
Project("{2150E333-8FDC-42A3-9474-1A3956D46DE8}") = "tryout", "tryout", "{F412F68E-6CA0-4907-B2E3-21ABF71EB3DC}"
EndProject
Project("{2150E333-8FDC-42A3-9474-1A3956D46DE8}") = "SolaceMessaging", "SolaceMessaging", "{3FD6F2FE-8778-4E55-ABF2-80E2ED979518}"
EndProject
Project("{FAE04EC0-301F-11D3-BF4B-00C04F79EFBC}") = "SolaceMessaging", "SolaceMessaging\SolaceMessaging\SolaceMessaging.csproj", "{1A2EE174-1CEA-4993-B07D-8316A5BD5F03}"
EndProject
Global
	GlobalSection(SolutionConfigurationPlatforms) = preSolution
		Debug|Any CPU = Debug|Any CPU
		Release|Any CPU = Release|Any CPU
	EndGlobalSection
	GlobalSection(ProjectConfigurationPlatforms) = postSolution
		{E1EE0158-3368-4B7A-AFEA-647BA9760F30}.Debug|Any CPU.ActiveCfg = Debug|Any CPU
		{E1EE0158-3368-4B7A-AFEA-647BA9760F30}.Debug|Any CPU.Build.0 = Debug|Any CPU
		{E1EE0158-3368-4B7A-AFEA-647BA9760F30}.Release|Any CPU.ActiveCfg = Release|Any CPU
		{E1EE0158-3368-4B7A-AFEA-647BA9760F30}.Release|Any CPU.Build.0 = Release|Any CPU
		{3C80C40B-BA57-44A1-BDD8-36EB316B91B4}.Debug|Any CPU.ActiveCfg = Debug|Any CPU
		{3C80C40B-BA57-44A1-BDD8-36EB316B91B4}.Debug|Any CPU.Build.0 = Debug|Any CPU
		{3C80C40B-BA57-44A1-BDD8-36EB316B91B4}.Release|Any CPU.ActiveCfg = Release|Any CPU
		{3C80C40B-BA57-44A1-BDD8-36EB316B91B4}.Release|Any CPU.Build.0 = Release|Any CPU
		{02F7415A-FB72-4EAA-BED3-17152A9358F3}.Debug|Any CPU.ActiveCfg = Debug|Any CPU
		{02F7415A-FB72-4EAA-BED3-17152A9358F3}.Debug|Any CPU.Build.0 = Debug|Any CPU
		{02F7415A-FB72-4EAA-BED3-17152A9358F3}.Release|Any CPU.ActiveCfg = Release|Any CPU
		{02F7415A-FB72-4EAA-BED3-17152A9358F3}.Release|Any CPU.Build.0 = Release|Any CPU
		{DF0B0394-E071-4748-A812-4813F67D5A14}.Debug|Any CPU.ActiveCfg = Debug|Any CPU
		{DF0B0394-E071-4748-A812-4813F67D5A14}.Debug|Any CPU.Build.0 = Debug|Any CPU
		{DF0B0394-E071-4748-A812-4813F67D5A14}.Release|Any CPU.ActiveCfg = Release|Any CPU
		{DF0B0394-E071-4748-A812-4813F67D5A14}.Release|Any CPU.Build.0 = Release|Any CPU
		{90083F23-F720-4CD6-8E62-D3711B553151}.Debug|Any CPU.ActiveCfg = Debug|Any CPU
		{90083F23-F720-4CD6-8E62-D3711B553151}.Debug|Any CPU.Build.0 = Debug|Any CPU
		{90083F23-F720-4CD6-8E62-D3711B553151}.Release|Any CPU.ActiveCfg = Release|Any CPU
		{90083F23-F720-4CD6-8E62-D3711B553151}.Release|Any CPU.Build.0 = Release|Any CPU
		{00A9BDF0-D2D2-44E6-88FA-90C4B77A7764}.Debug|Any CPU.ActiveCfg = Debug|Any CPU
		{00A9BDF0-D2D2-44E6-88FA-90C4B77A7764}.Debug|Any CPU.Build.0 = Debug|Any CPU
		{00A9BDF0-D2D2-44E6-88FA-90C4B77A7764}.Release|Any CPU.ActiveCfg = Release|Any CPU
		{00A9BDF0-D2D2-44E6-88FA-90C4B77A7764}.Release|Any CPU.Build.0 = Release|Any CPU
		{2204F802-30A4-44E9-B445-637A734F98A3}.Debug|Any CPU.ActiveCfg = Debug|Any CPU
		{2204F802-30A4-44E9-B445-637A734F98A3}.Debug|Any CPU.Build.0 = Debug|Any CPU
		{2204F802-30A4-44E9-B445-637A734F98A3}.Release|Any CPU.ActiveCfg = Release|Any CPU
		{2204F802-30A4-44E9-B445-637A734F98A3}.Release|Any CPU.Build.0 = Release|Any CPU
		{89E81916-72B6-4E92-AC8A-3E5756FCD118}.Debug|Any CPU.ActiveCfg = Debug|Any CPU
		{89E81916-72B6-4E92-AC8A-3E5756FCD118}.Debug|Any CPU.Build.0 = Debug|Any CPU
		{89E81916-72B6-4E92-AC8A-3E5756FCD118}.Release|Any CPU.ActiveCfg = Release|Any CPU
		{89E81916-72B6-4E92-AC8A-3E5756FCD118}.Release|Any CPU.Build.0 = Release|Any CPU
		{0C0861BB-04FA-46AE-BA44-55DF74EC71D5}.Debug|Any CPU.ActiveCfg = Debug|Any CPU
		{0C0861BB-04FA-46AE-BA44-55DF74EC71D5}.Debug|Any CPU.Build.0 = Debug|Any CPU
		{0C0861BB-04FA-46AE-BA44-55DF74EC71D5}.Release|Any CPU.ActiveCfg = Release|Any CPU
		{0C0861BB-04FA-46AE-BA44-55DF74EC71D5}.Release|Any CPU.Build.0 = Release|Any CPU
		{E41683B6-3A33-4028-B213-BB6D87DE3A8D}.Debug|Any CPU.ActiveCfg = Debug|Any CPU
		{E41683B6-3A33-4028-B213-BB6D87DE3A8D}.Debug|Any CPU.Build.0 = Debug|Any CPU
		{E41683B6-3A33-4028-B213-BB6D87DE3A8D}.Release|Any CPU.ActiveCfg = Release|Any CPU
		{E41683B6-3A33-4028-B213-BB6D87DE3A8D}.Release|Any CPU.Build.0 = Release|Any CPU
		{7E550097-3F55-428B-A05F-60B0D3A7B96B}.Debug|Any CPU.ActiveCfg = Debug|Any CPU
		{7E550097-3F55-428B-A05F-60B0D3A7B96B}.Debug|Any CPU.Build.0 = Debug|Any CPU
		{7E550097-3F55-428B-A05F-60B0D3A7B96B}.Release|Any CPU.ActiveCfg = Release|Any CPU
		{7E550097-3F55-428B-A05F-60B0D3A7B96B}.Release|Any CPU.Build.0 = Release|Any CPU
		{1CB69693-67A1-4BA3-900F-997705601862}.Debug|Any CPU.ActiveCfg = Debug|Any CPU
		{1CB69693-67A1-4BA3-900F-997705601862}.Debug|Any CPU.Build.0 = Debug|Any CPU
		{1CB69693-67A1-4BA3-900F-997705601862}.Release|Any CPU.ActiveCfg = Release|Any CPU
		{1CB69693-67A1-4BA3-900F-997705601862}.Release|Any CPU.Build.0 = Release|Any CPU
		{FB856900-8154-4D48-AE81-1199D01FEB25}.Debug|Any CPU.ActiveCfg = Debug|Any CPU
		{FB856900-8154-4D48-AE81-1199D01FEB25}.Debug|Any CPU.Build.0 = Debug|Any CPU
		{FB856900-8154-4D48-AE81-1199D01FEB25}.Release|Any CPU.ActiveCfg = Release|Any CPU
		{FB856900-8154-4D48-AE81-1199D01FEB25}.Release|Any CPU.Build.0 = Release|Any CPU
		{D6C95CF2-274D-4348-BC8F-A01D5AF30F32}.Debug|Any CPU.ActiveCfg = Debug|Any CPU
		{D6C95CF2-274D-4348-BC8F-A01D5AF30F32}.Debug|Any CPU.Build.0 = Debug|Any CPU
		{D6C95CF2-274D-4348-BC8F-A01D5AF30F32}.Release|Any CPU.ActiveCfg = Release|Any CPU
		{D6C95CF2-274D-4348-BC8F-A01D5AF30F32}.Release|Any CPU.Build.0 = Release|Any CPU
		{1A41BA7A-ECB0-4759-8AB2-E00F817A6DF9}.Debug|Any CPU.ActiveCfg = Debug|Any CPU
		{1A41BA7A-ECB0-4759-8AB2-E00F817A6DF9}.Debug|Any CPU.Build.0 = Debug|Any CPU
		{1A41BA7A-ECB0-4759-8AB2-E00F817A6DF9}.Release|Any CPU.ActiveCfg = Release|Any CPU
		{1A41BA7A-ECB0-4759-8AB2-E00F817A6DF9}.Release|Any CPU.Build.0 = Release|Any CPU
		{69EE74C1-C32C-42D2-ADD6-7DDBE180FEB7}.Debug|Any CPU.ActiveCfg = Debug|Any CPU
		{69EE74C1-C32C-42D2-ADD6-7DDBE180FEB7}.Debug|Any CPU.Build.0 = Debug|Any CPU
		{69EE74C1-C32C-42D2-ADD6-7DDBE180FEB7}.Release|Any CPU.ActiveCfg = Release|Any CPU
		{69EE74C1-C32C-42D2-ADD6-7DDBE180FEB7}.Release|Any CPU.Build.0 = Release|Any CPU
		{3EE1822C-2F15-4206-8BFE-4C0FE2C4A1C0}.Debug|Any CPU.ActiveCfg = Debug|Any CPU
		{3EE1822C-2F15-4206-8BFE-4C0FE2C4A1C0}.Debug|Any CPU.Build.0 = Debug|Any CPU
		{3EE1822C-2F15-4206-8BFE-4C0FE2C4A1C0}.Release|Any CPU.ActiveCfg = Release|Any CPU
		{3EE1822C-2F15-4206-8BFE-4C0FE2C4A1C0}.Release|Any CPU.Build.0 = Release|Any CPU
		{072630D1-89FA-4313-99D1-1543179DAD14}.Debug|Any CPU.ActiveCfg = Debug|Any CPU
		{072630D1-89FA-4313-99D1-1543179DAD14}.Debug|Any CPU.Build.0 = Debug|Any CPU
		{072630D1-89FA-4313-99D1-1543179DAD14}.Release|Any CPU.ActiveCfg = Release|Any CPU
		{072630D1-89FA-4313-99D1-1543179DAD14}.Release|Any CPU.Build.0 = Release|Any CPU
		{1937D2B2-36F2-4170-B9A3-D6C2EADE3142}.Debug|Any CPU.ActiveCfg = Debug|Any CPU
		{1937D2B2-36F2-4170-B9A3-D6C2EADE3142}.Debug|Any CPU.Build.0 = Debug|Any CPU
		{1937D2B2-36F2-4170-B9A3-D6C2EADE3142}.Release|Any CPU.ActiveCfg = Release|Any CPU
		{1937D2B2-36F2-4170-B9A3-D6C2EADE3142}.Release|Any CPU.Build.0 = Release|Any CPU
		{266D0AB7-CF0F-4052-BE8D-9BCFD556507B}.Debug|Any CPU.ActiveCfg = Debug|Any CPU
		{266D0AB7-CF0F-4052-BE8D-9BCFD556507B}.Debug|Any CPU.Build.0 = Debug|Any CPU
		{266D0AB7-CF0F-4052-BE8D-9BCFD556507B}.Release|Any CPU.ActiveCfg = Release|Any CPU
		{266D0AB7-CF0F-4052-BE8D-9BCFD556507B}.Release|Any CPU.Build.0 = Release|Any CPU
		{DC9023CB-1048-4D6B-8FD6-A2CBCB610558}.Debug|Any CPU.ActiveCfg = Debug|Any CPU
		{DC9023CB-1048-4D6B-8FD6-A2CBCB610558}.Debug|Any CPU.Build.0 = Debug|Any CPU
		{DC9023CB-1048-4D6B-8FD6-A2CBCB610558}.Release|Any CPU.ActiveCfg = Release|Any CPU
		{DC9023CB-1048-4D6B-8FD6-A2CBCB610558}.Release|Any CPU.Build.0 = Release|Any CPU
		{5E5339B6-7998-4A84-92D0-01C8B2DDBA2C}.Debug|Any CPU.ActiveCfg = Debug|Any CPU
		{5E5339B6-7998-4A84-92D0-01C8B2DDBA2C}.Debug|Any CPU.Build.0 = Debug|Any CPU
		{5E5339B6-7998-4A84-92D0-01C8B2DDBA2C}.Release|Any CPU.ActiveCfg = Release|Any CPU
		{5E5339B6-7998-4A84-92D0-01C8B2DDBA2C}.Release|Any CPU.Build.0 = Release|Any CPU
		{7CD8FEF1-8740-4B61-8EF8-0DC3721B8757}.Debug|Any CPU.ActiveCfg = Debug|Any CPU
		{7CD8FEF1-8740-4B61-8EF8-0DC3721B8757}.Debug|Any CPU.Build.0 = Debug|Any CPU
		{7CD8FEF1-8740-4B61-8EF8-0DC3721B8757}.Release|Any CPU.ActiveCfg = Release|Any CPU
		{7CD8FEF1-8740-4B61-8EF8-0DC3721B8757}.Release|Any CPU.Build.0 = Release|Any CPU
		{08ED11EC-3A06-4E6B-876C-F366EEBB2F96}.Debug|Any CPU.ActiveCfg = Debug|Any CPU
		{08ED11EC-3A06-4E6B-876C-F366EEBB2F96}.Debug|Any CPU.Build.0 = Debug|Any CPU
		{08ED11EC-3A06-4E6B-876C-F366EEBB2F96}.Release|Any CPU.ActiveCfg = Release|Any CPU
		{08ED11EC-3A06-4E6B-876C-F366EEBB2F96}.Release|Any CPU.Build.0 = Release|Any CPU
		{9483EEC6-4550-4A6C-B339-B7F44061ADE2}.Debug|Any CPU.ActiveCfg = Debug|Any CPU
		{9483EEC6-4550-4A6C-B339-B7F44061ADE2}.Debug|Any CPU.Build.0 = Debug|Any CPU
		{9483EEC6-4550-4A6C-B339-B7F44061ADE2}.Release|Any CPU.ActiveCfg = Release|Any CPU
		{9483EEC6-4550-4A6C-B339-B7F44061ADE2}.Release|Any CPU.Build.0 = Release|Any CPU
		{1A2EE174-1CEA-4993-B07D-8316A5BD5F03}.Debug|Any CPU.ActiveCfg = Debug|Any CPU
		{1A2EE174-1CEA-4993-B07D-8316A5BD5F03}.Debug|Any CPU.Build.0 = Debug|Any CPU
		{1A2EE174-1CEA-4993-B07D-8316A5BD5F03}.Release|Any CPU.ActiveCfg = Release|Any CPU
		{1A2EE174-1CEA-4993-B07D-8316A5BD5F03}.Release|Any CPU.Build.0 = Release|Any CPU
	EndGlobalSection
	GlobalSection(SolutionProperties) = preSolution
		HideSolutionNode = FALSE
	EndGlobalSection
	GlobalSection(NestedProjects) = preSolution
		{90083F23-F720-4CD6-8E62-D3711B553151} = {823E62AB-12CB-4DB4-B892-82203CB0688E}
		{00A9BDF0-D2D2-44E6-88FA-90C4B77A7764} = {823E62AB-12CB-4DB4-B892-82203CB0688E}
		{2204F802-30A4-44E9-B445-637A734F98A3} = {07B64375-F52F-4A4B-89B1-A62429227AFC}
		{89E81916-72B6-4E92-AC8A-3E5756FCD118} = {07B64375-F52F-4A4B-89B1-A62429227AFC}
		{0C0861BB-04FA-46AE-BA44-55DF74EC71D5} = {07B64375-F52F-4A4B-89B1-A62429227AFC}
		{E41683B6-3A33-4028-B213-BB6D87DE3A8D} = {C7D3EBDA-6C92-4F75-B950-1D9A52D91E29}
		{BF42CE80-D29F-46DF-9DF3-5FDF037FFA78} = {DA8172AF-B5CB-481F-A377-76645F2C25BF}
		{7E550097-3F55-428B-A05F-60B0D3A7B96B} = {BF42CE80-D29F-46DF-9DF3-5FDF037FFA78}
		{DDAD3211-9C5C-4EBF-A0B4-616FF5346F8B} = {DA8172AF-B5CB-481F-A377-76645F2C25BF}
		{6B490340-5B80-45DA-9C31-DFDA4870A6E5} = {DA8172AF-B5CB-481F-A377-76645F2C25BF}
		{6FF8D537-533F-4B08-882B-25D17BCE4875} = {DA8172AF-B5CB-481F-A377-76645F2C25BF}
		{BB6F4222-7FE6-40FE-85D0-2632CAA2AA83} = {DA8172AF-B5CB-481F-A377-76645F2C25BF}
		{04E27E4C-7CE4-4537-AA10-2929459D8211} = {DA8172AF-B5CB-481F-A377-76645F2C25BF}
		{1CB69693-67A1-4BA3-900F-997705601862} = {DDAD3211-9C5C-4EBF-A0B4-616FF5346F8B}
		{FB856900-8154-4D48-AE81-1199D01FEB25} = {6B490340-5B80-45DA-9C31-DFDA4870A6E5}
		{D6C95CF2-274D-4348-BC8F-A01D5AF30F32} = {6FF8D537-533F-4B08-882B-25D17BCE4875}
		{1A41BA7A-ECB0-4759-8AB2-E00F817A6DF9} = {BB6F4222-7FE6-40FE-85D0-2632CAA2AA83}
		{69EE74C1-C32C-42D2-ADD6-7DDBE180FEB7} = {04E27E4C-7CE4-4537-AA10-2929459D8211}
		{3EE1822C-2F15-4206-8BFE-4C0FE2C4A1C0} = {A1940682-C492-45BA-B455-FB74556BCDED}
		{072630D1-89FA-4313-99D1-1543179DAD14} = {AD065C95-237C-4BAB-87A8-1FD7CE169034}
		{1937D2B2-36F2-4170-B9A3-D6C2EADE3142} = {E673914D-7FE5-4E68-AE9D-26F80018E43E}
		{266D0AB7-CF0F-4052-BE8D-9BCFD556507B} = {6A252F72-2872-466B-82F4-A561634AA59F}
		{DC9023CB-1048-4D6B-8FD6-A2CBCB610558} = {6A252F72-2872-466B-82F4-A561634AA59F}
		{5E5339B6-7998-4A84-92D0-01C8B2DDBA2C} = {6A252F72-2872-466B-82F4-A561634AA59F}
		{7CD8FEF1-8740-4B61-8EF8-0DC3721B8757} = {09FA4497-D43D-4D8C-919B-1F1BE80E5EF9}
		{08ED11EC-3A06-4E6B-876C-F366EEBB2F96} = {A3272DD2-4269-4D24-BFAF-A37A0AED32DB}
		{9483EEC6-4550-4A6C-B339-B7F44061ADE2} = {ED8BDD77-8CB9-4A0A-A1CF-EFA0941F337D}
		{1A2EE174-1CEA-4993-B07D-8316A5BD5F03} = {3FD6F2FE-8778-4E55-ABF2-80E2ED979518}
	EndGlobalSection
	GlobalSection(ExtensibilityGlobals) = postSolution
		SolutionGuid = {10665EC4-1C7B-473F-B8A6-D5E1DF865F8E}
	EndGlobalSection
EndGlobal
